{
  "nodes": {
    "nixpkgs": {
      "locked": {
        "lastModified": 1691155011,
        "narHash": "sha256-O15tC0ysw+fcacEbOzrDrkVNIR+SgtArSGvpgsEqpvA=",
        "owner": "NixOS",
        "repo": "nixpkgs",
        "rev": "9652a97d9738d3e65cf33c0bc24429e495a7868f",
        "type": "github"
      },
      "original": {
        "id": "nixpkgs",
        "ref": "nixos-23.05",
        "type": "indirect"
      }
    },
    "root": {
      "inputs": {
        "nixpkgs": "nixpkgs"
      }
    }
  },
  "root": "root",
  "version": 7
}
