{
  "nodes": {
    "nixpkgs": {
      "locked": {
        "lastModified": 1690235791,
        "narHash": "sha256-QkPVQ859F0wXyd74A7UPYbmi4B5xYN4Ns7AQ0pvM0Wo=",
        "owner": "NixOS",
        "repo": "nixpkgs",
        "rev": "dfcffbd74fd6f0419370d8240e445252a39f4d10",
        "type": "github"
      },
      "original": {
        "id": "nixpkgs",
        "rev": "dfcffbd74fd6f0419370d8240e445252a39f4d10",
        "type": "indirect"
      }
    },
    "root": {
      "inputs": {
        "nixpkgs": "nixpkgs"
      }
    }
  },
  "root": "root",
  "version": 7
}
