{
  "nodes": {
    "nixpkgs": {
      "locked": {
        "lastModified": 1708815994,
        "narHash": "sha256-hL7N/ut2Xu0NaDxDMsw2HagAjgDskToGiyZOWriiLYM=",
        "owner": "NixOS",
        "repo": "nixpkgs",
        "rev": "9a9dae8f6319600fa9aebde37f340975cab4b8c0",
        "type": "github"
      },
      "original": {
        "id": "nixpkgs",
        "rev": "9a9dae8f6319600fa9aebde37f340975cab4b8c0",
        "type": "indirect"
      }
    },
    "root": {
      "inputs": {
        "nixpkgs": "nixpkgs",
        "rust-overlay": "rust-overlay"
      }
    },
    "rust-overlay": {
      "inputs": {
        "nixpkgs": [
          "nixpkgs"
        ]
      },
      "locked": {
        "lastModified": 1735525800,
        "narHash": "sha256-pcN8LAL021zdC99a9F7iEiFCI1wmrE4DpIYUgKpB/jY=",
        "owner": "oxalica",
        "repo": "rust-overlay",
        "rev": "10faa81b4c0135a04716cbd1649260d82b2890cd",
        "type": "github"
      },
      "original": {
        "owner": "oxalica",
        "repo": "rust-overlay",
        "rev": "10faa81b4c0135a04716cbd1649260d82b2890cd",
        "type": "github"
      }
    }
  },
  "root": "root",
  "version": 7
}
